
Microsoft Visual Studio Solution File, Format Version 12.00
# Visual Studio Version 16
VisualStudioVersion = 25.0.1705.4
MinimumVisualStudioVersion = 10.0.40219.1
Project("{FAE04EC0-301F-11D3-BF4B-00C04F79EFBC}") = "MvcMovies", "MvcMovies.csproj", "{D62F1608-CCDE-4EC1-AA95-0FE07A2608BC}"
EndProject
Global
	GlobalSection(SolutionConfigurationPlatforms) = preSolution
		Debug|Any CPU = Debug|Any CPU
		Release|Any CPU = Release|Any CPU
	EndGlobalSection
	GlobalSection(ProjectConfigurationPlatforms) = postSolution
		{D62F1608-CCDE-4EC1-AA95-0FE07A2608BC}.Debug|Any CPU.ActiveCfg = Debug|Any CPU
		{D62F1608-CCDE-4EC1-AA95-0FE07A2608BC}.Debug|Any CPU.Build.0 = Debug|Any CPU
		{D62F1608-CCDE-4EC1-AA95-0FE07A2608BC}.Release|Any CPU.ActiveCfg = Release|Any CPU
		{D62F1608-CCDE-4EC1-AA95-0FE07A2608BC}.Release|Any CPU.Build.0 = Release|Any CPU
	EndGlobalSection
	GlobalSection(SolutionProperties) = preSolution
		HideSolutionNode = FALSE
	EndGlobalSection
	GlobalSection(ExtensibilityGlobals) = postSolution
		SolutionGuid = {61C34A02-F4A8-4507-8BB7-1828B75AE7AF}
	EndGlobalSection
EndGlobal
